// !$*UTF8*$!
{
	archiveVersion = 1;
	classes = {
	};
	objectVersion = 50;
	objects = {

/* Begin PBXBuildFile section */
		377C917B2243E6EF005F4888 /* RegexTests.swift in Sources */ = {isa = PBXBuildFile; fileRef = 377C917A2243E6EF005F4888 /* RegexTests.swift */; };
		377C91852243EE53005F4888 /* Stack.swift in Sources */ = {isa = PBXBuildFile; fileRef = 377C91842243EE53005F4888 /* Stack.swift */; };
		377C918A2243FEA1005F4888 /* StackTests.swift in Sources */ = {isa = PBXBuildFile; fileRef = 377C91892243FEA1005F4888 /* StackTests.swift */; };
		377C918D2243FF4E005F4888 /* Stack.swift in Sources */ = {isa = PBXBuildFile; fileRef = 377C91842243EE53005F4888 /* Stack.swift */; };
		377C918F224404CC005F4888 /* Expression.swift in Sources */ = {isa = PBXBuildFile; fileRef = 377C918E224404CC005F4888 /* Expression.swift */; };
		377C919122445C3F005F4888 /* Parser.swift in Sources */ = {isa = PBXBuildFile; fileRef = 377C919022445C3F005F4888 /* Parser.swift */; };
		377C919322455968005F4888 /* Parser.swift in Sources */ = {isa = PBXBuildFile; fileRef = 377C919022445C3F005F4888 /* Parser.swift */; };
		377C919522455C5F005F4888 /* ParserTests.swift in Sources */ = {isa = PBXBuildFile; fileRef = 377C919422455C5F005F4888 /* ParserTests.swift */; };
		377C919822457F09005F4888 /* ParserContext.swift in Sources */ = {isa = PBXBuildFile; fileRef = 377C919722457F09005F4888 /* ParserContext.swift */; };
		377C919A22457FA1005F4888 /* ParsingError.swift in Sources */ = {isa = PBXBuildFile; fileRef = 377C919922457FA1005F4888 /* ParsingError.swift */; };
		377C919C224580A6005F4888 /* ParsingError.swift in Sources */ = {isa = PBXBuildFile; fileRef = 377C919922457FA1005F4888 /* ParsingError.swift */; };
		377C919D224580A6005F4888 /* ParserContext.swift in Sources */ = {isa = PBXBuildFile; fileRef = 377C919722457F09005F4888 /* ParserContext.swift */; };
		37AB2C65223CF636004171E8 /* main.swift in Sources */ = {isa = PBXBuildFile; fileRef = 37AB2C64223CF636004171E8 /* main.swift */; };
		37D73D7F224D80FA00BD94F0 /* NFA.swift in Sources */ = {isa = PBXBuildFile; fileRef = 37D73D7E224D80FA00BD94F0 /* NFA.swift */; };
		37D73D81224E38ED00BD94F0 /* NFATests.swift in Sources */ = {isa = PBXBuildFile; fileRef = 37D73D80224E38ED00BD94F0 /* NFATests.swift */; };
		37D73D82224E391F00BD94F0 /* NFA.swift in Sources */ = {isa = PBXBuildFile; fileRef = 37D73D7E224D80FA00BD94F0 /* NFA.swift */; };
		37D73D86224E98BD00BD94F0 /* State.swift in Sources */ = {isa = PBXBuildFile; fileRef = 37D73D85224E98BD00BD94F0 /* State.swift */; };
		37D73D88224E98FB00BD94F0 /* Transition.swift in Sources */ = {isa = PBXBuildFile; fileRef = 37D73D87224E98FB00BD94F0 /* Transition.swift */; };
		37D73D8B224E99EB00BD94F0 /* Symbol.swift in Sources */ = {isa = PBXBuildFile; fileRef = 37D73D8A224E99EB00BD94F0 /* Symbol.swift */; };
		37D73D8C224E9B7B00BD94F0 /* Expression.swift in Sources */ = {isa = PBXBuildFile; fileRef = 377C918E224404CC005F4888 /* Expression.swift */; };
		37D73D8D224E9B7B00BD94F0 /* Symbol.swift in Sources */ = {isa = PBXBuildFile; fileRef = 37D73D8A224E99EB00BD94F0 /* Symbol.swift */; };
		37D73D8E224E9B7B00BD94F0 /* State.swift in Sources */ = {isa = PBXBuildFile; fileRef = 37D73D85224E98BD00BD94F0 /* State.swift */; };
		37D73D8F224E9B7B00BD94F0 /* Transition.swift in Sources */ = {isa = PBXBuildFile; fileRef = 37D73D87224E98FB00BD94F0 /* Transition.swift */; };
		37D73D912250474800BD94F0 /* UnsafeArray.swift in Sources */ = {isa = PBXBuildFile; fileRef = 37D73D902250474800BD94F0 /* UnsafeArray.swift */; };
		37D73D9322575CA700BD94F0 /* Queue.swift in Sources */ = {isa = PBXBuildFile; fileRef = 37D73D9222575CA700BD94F0 /* Queue.swift */; };
		37D73D9422575EFB00BD94F0 /* UnsafeArray.swift in Sources */ = {isa = PBXBuildFile; fileRef = 37D73D902250474800BD94F0 /* UnsafeArray.swift */; };
		37D73D9522575EFB00BD94F0 /* Queue.swift in Sources */ = {isa = PBXBuildFile; fileRef = 37D73D9222575CA700BD94F0 /* Queue.swift */; };
		37D73D972257B3D800BD94F0 /* Provider.swift in Sources */ = {isa = PBXBuildFile; fileRef = 37D73D962257B3D800BD94F0 /* Provider.swift */; };
		37D73D982257B86600BD94F0 /* Provider.swift in Sources */ = {isa = PBXBuildFile; fileRef = 37D73D962257B3D800BD94F0 /* Provider.swift */; };
		37D73D9A2257C0D600BD94F0 /* AnyCharacterExpression.swift in Sources */ = {isa = PBXBuildFile; fileRef = 37D73D992257C0D600BD94F0 /* AnyCharacterExpression.swift */; };
		37D73D9C2257C10900BD94F0 /* CharacterExpression.swift in Sources */ = {isa = PBXBuildFile; fileRef = 37D73D9B2257C10900BD94F0 /* CharacterExpression.swift */; };
		37D73D9E2257C15200BD94F0 /* ChoiceExpression.swift in Sources */ = {isa = PBXBuildFile; fileRef = 37D73D9D2257C15200BD94F0 /* ChoiceExpression.swift */; };
		37D73DA02257C1A000BD94F0 /* OptionalExpression.swift in Sources */ = {isa = PBXBuildFile; fileRef = 37D73D9F2257C1A000BD94F0 /* OptionalExpression.swift */; };
		37D73DA22257C1C000BD94F0 /* RepeatedExpression.swift in Sources */ = {isa = PBXBuildFile; fileRef = 37D73DA12257C1C000BD94F0 /* RepeatedExpression.swift */; };
		37D73DA42257C1DD00BD94F0 /* UnionExpression.swift in Sources */ = {isa = PBXBuildFile; fileRef = 37D73DA32257C1DD00BD94F0 /* UnionExpression.swift */; };
		37D73DA62257C20000BD94F0 /* ConcatenatedExpression.swift in Sources */ = {isa = PBXBuildFile; fileRef = 37D73DA52257C20000BD94F0 /* ConcatenatedExpression.swift */; };
		37D73DA72257C28F00BD94F0 /* AnyCharacterExpression.swift in Sources */ = {isa = PBXBuildFile; fileRef = 37D73D992257C0D600BD94F0 /* AnyCharacterExpression.swift */; };
		37D73DA82257C28F00BD94F0 /* CharacterExpression.swift in Sources */ = {isa = PBXBuildFile; fileRef = 37D73D9B2257C10900BD94F0 /* CharacterExpression.swift */; };
		37D73DA92257C28F00BD94F0 /* ChoiceExpression.swift in Sources */ = {isa = PBXBuildFile; fileRef = 37D73D9D2257C15200BD94F0 /* ChoiceExpression.swift */; };
		37D73DAA2257C28F00BD94F0 /* OptionalExpression.swift in Sources */ = {isa = PBXBuildFile; fileRef = 37D73D9F2257C1A000BD94F0 /* OptionalExpression.swift */; };
		37D73DAB2257C28F00BD94F0 /* RepeatedExpression.swift in Sources */ = {isa = PBXBuildFile; fileRef = 37D73DA12257C1C000BD94F0 /* RepeatedExpression.swift */; };
		37D73DAC2257C28F00BD94F0 /* UnionExpression.swift in Sources */ = {isa = PBXBuildFile; fileRef = 37D73DA32257C1DD00BD94F0 /* UnionExpression.swift */; };
		37D73DAD2257C28F00BD94F0 /* ConcatenatedExpression.swift in Sources */ = {isa = PBXBuildFile; fileRef = 37D73DA52257C20000BD94F0 /* ConcatenatedExpression.swift */; };
		37D73DAF2257D2A100BD94F0 /* QueueTests.swift in Sources */ = {isa = PBXBuildFile; fileRef = 37D73DAE2257D2A100BD94F0 /* QueueTests.swift */; };
/* End PBXBuildFile section */

/* Begin PBXCopyFilesBuildPhase section */
		37AB2C5F223CF636004171E8 /* CopyFiles */ = {
			isa = PBXCopyFilesBuildPhase;
			buildActionMask = 2147483647;
			dstPath = /usr/share/man/man1/;
			dstSubfolderSpec = 0;
			files = (
			);
			runOnlyForDeploymentPostprocessing = 1;
		};
/* End PBXCopyFilesBuildPhase section */

/* Begin PBXFileReference section */
		377C91782243E6EF005F4888 /* RegexTests.xctest */ = {isa = PBXFileReference; explicitFileType = wrapper.cfbundle; includeInIndex = 0; path = RegexTests.xctest; sourceTree = BUILT_PRODUCTS_DIR; };
		377C917A2243E6EF005F4888 /* RegexTests.swift */ = {isa = PBXFileReference; lastKnownFileType = sourcecode.swift; path = RegexTests.swift; sourceTree = "<group>"; };
		377C917C2243E6EF005F4888 /* Info.plist */ = {isa = PBXFileReference; lastKnownFileType = text.plist.xml; path = Info.plist; sourceTree = "<group>"; };
		377C91842243EE53005F4888 /* Stack.swift */ = {isa = PBXFileReference; lastKnownFileType = sourcecode.swift; path = Stack.swift; sourceTree = "<group>"; };
		377C91892243FEA1005F4888 /* StackTests.swift */ = {isa = PBXFileReference; lastKnownFileType = sourcecode.swift; path = StackTests.swift; sourceTree = "<group>"; };
		377C918E224404CC005F4888 /* Expression.swift */ = {isa = PBXFileReference; lastKnownFileType = sourcecode.swift; path = Expression.swift; sourceTree = "<group>"; };
		377C919022445C3F005F4888 /* Parser.swift */ = {isa = PBXFileReference; lastKnownFileType = sourcecode.swift; path = Parser.swift; sourceTree = "<group>"; };
		377C919422455C5F005F4888 /* ParserTests.swift */ = {isa = PBXFileReference; lastKnownFileType = sourcecode.swift; path = ParserTests.swift; sourceTree = "<group>"; };
		377C919722457F09005F4888 /* ParserContext.swift */ = {isa = PBXFileReference; lastKnownFileType = sourcecode.swift; path = ParserContext.swift; sourceTree = "<group>"; };
		377C919922457FA1005F4888 /* ParsingError.swift */ = {isa = PBXFileReference; lastKnownFileType = sourcecode.swift; path = ParsingError.swift; sourceTree = "<group>"; };
		37AB2C61223CF636004171E8 /* regex */ = {isa = PBXFileReference; explicitFileType = "compiled.mach-o.executable"; includeInIndex = 0; path = regex; sourceTree = BUILT_PRODUCTS_DIR; };
		37AB2C64223CF636004171E8 /* main.swift */ = {isa = PBXFileReference; lastKnownFileType = sourcecode.swift; path = main.swift; sourceTree = "<group>"; };
		37D73D7E224D80FA00BD94F0 /* NFA.swift */ = {isa = PBXFileReference; lastKnownFileType = sourcecode.swift; path = NFA.swift; sourceTree = "<group>"; };
		37D73D80224E38ED00BD94F0 /* NFATests.swift */ = {isa = PBXFileReference; lastKnownFileType = sourcecode.swift; path = NFATests.swift; sourceTree = "<group>"; };
		37D73D85224E98BD00BD94F0 /* State.swift */ = {isa = PBXFileReference; lastKnownFileType = sourcecode.swift; path = State.swift; sourceTree = "<group>"; };
		37D73D87224E98FB00BD94F0 /* Transition.swift */ = {isa = PBXFileReference; lastKnownFileType = sourcecode.swift; path = Transition.swift; sourceTree = "<group>"; };
		37D73D8A224E99EB00BD94F0 /* Symbol.swift */ = {isa = PBXFileReference; lastKnownFileType = sourcecode.swift; path = Symbol.swift; sourceTree = "<group>"; };
		37D73D902250474800BD94F0 /* UnsafeArray.swift */ = {isa = PBXFileReference; lastKnownFileType = sourcecode.swift; path = UnsafeArray.swift; sourceTree = "<group>"; };
		37D73D9222575CA700BD94F0 /* Queue.swift */ = {isa = PBXFileReference; lastKnownFileType = sourcecode.swift; path = Queue.swift; sourceTree = "<group>"; };
		37D73D962257B3D800BD94F0 /* Provider.swift */ = {isa = PBXFileReference; lastKnownFileType = sourcecode.swift; path = Provider.swift; sourceTree = "<group>"; };
		37D73D992257C0D600BD94F0 /* AnyCharacterExpression.swift */ = {isa = PBXFileReference; lastKnownFileType = sourcecode.swift; path = AnyCharacterExpression.swift; sourceTree = "<group>"; };
		37D73D9B2257C10900BD94F0 /* CharacterExpression.swift */ = {isa = PBXFileReference; lastKnownFileType = sourcecode.swift; path = CharacterExpression.swift; sourceTree = "<group>"; };
		37D73D9D2257C15200BD94F0 /* ChoiceExpression.swift */ = {isa = PBXFileReference; lastKnownFileType = sourcecode.swift; path = ChoiceExpression.swift; sourceTree = "<group>"; };
		37D73D9F2257C1A000BD94F0 /* OptionalExpression.swift */ = {isa = PBXFileReference; lastKnownFileType = sourcecode.swift; path = OptionalExpression.swift; sourceTree = "<group>"; };
		37D73DA12257C1C000BD94F0 /* RepeatedExpression.swift */ = {isa = PBXFileReference; lastKnownFileType = sourcecode.swift; path = RepeatedExpression.swift; sourceTree = "<group>"; };
		37D73DA32257C1DD00BD94F0 /* UnionExpression.swift */ = {isa = PBXFileReference; lastKnownFileType = sourcecode.swift; path = UnionExpression.swift; sourceTree = "<group>"; };
		37D73DA52257C20000BD94F0 /* ConcatenatedExpression.swift */ = {isa = PBXFileReference; lastKnownFileType = sourcecode.swift; path = ConcatenatedExpression.swift; sourceTree = "<group>"; };
		37D73DAE2257D2A100BD94F0 /* QueueTests.swift */ = {isa = PBXFileReference; lastKnownFileType = sourcecode.swift; path = QueueTests.swift; sourceTree = "<group>"; };
/* End PBXFileReference section */

/* Begin PBXFrameworksBuildPhase section */
		377C91752243E6EF005F4888 /* Frameworks */ = {
			isa = PBXFrameworksBuildPhase;
			buildActionMask = 2147483647;
			files = (
			);
			runOnlyForDeploymentPostprocessing = 0;
		};
		37AB2C5E223CF636004171E8 /* Frameworks */ = {
			isa = PBXFrameworksBuildPhase;
			buildActionMask = 2147483647;
			files = (
			);
			runOnlyForDeploymentPostprocessing = 0;
		};
/* End PBXFrameworksBuildPhase section */

/* Begin PBXGroup section */
		377C91792243E6EF005F4888 /* Tests */ = {
			isa = PBXGroup;
			children = (
				377C917A2243E6EF005F4888 /* RegexTests.swift */,
				377C91892243FEA1005F4888 /* StackTests.swift */,
				37D73DAE2257D2A100BD94F0 /* QueueTests.swift */,
				377C919422455C5F005F4888 /* ParserTests.swift */,
				37D73D80224E38ED00BD94F0 /* NFATests.swift */,
				377C917C2243E6EF005F4888 /* Info.plist */,
			);
			path = Tests;
			sourceTree = "<group>";
		};
		377C91862243EE59005F4888 /* Collections */ = {
			isa = PBXGroup;
			children = (
				37D73D902250474800BD94F0 /* UnsafeArray.swift */,
				377C91842243EE53005F4888 /* Stack.swift */,
				37D73D9222575CA700BD94F0 /* Queue.swift */,
			);
			path = Collections;
			sourceTree = "<group>";
		};
		377C919622457EB2005F4888 /* Parsing */ = {
			isa = PBXGroup;
			children = (
				377C919022445C3F005F4888 /* Parser.swift */,
				377C919722457F09005F4888 /* ParserContext.swift */,
				37D73D962257B3D800BD94F0 /* Provider.swift */,
			);
			path = Parsing;
			sourceTree = "<group>";
		};
		377C919B22457FA9005F4888 /* Errors */ = {
			isa = PBXGroup;
			children = (
				377C919922457FA1005F4888 /* ParsingError.swift */,
			);
			path = Errors;
			sourceTree = "<group>";
		};
		37AB2C58223CF636004171E8 = {
			isa = PBXGroup;
			children = (
				37AB2C63223CF636004171E8 /* Source */,
				377C91792243E6EF005F4888 /* Tests */,
				37AB2C62223CF636004171E8 /* Products */,
			);
			sourceTree = "<group>";
		};
		37AB2C62223CF636004171E8 /* Products */ = {
			isa = PBXGroup;
			children = (
				37AB2C61223CF636004171E8 /* regex */,
				377C91782243E6EF005F4888 /* RegexTests.xctest */,
			);
			name = Products;
			sourceTree = "<group>";
		};
		37AB2C63223CF636004171E8 /* Source */ = {
			isa = PBXGroup;
			children = (
				37AB2C64223CF636004171E8 /* main.swift */,
				377C919B22457FA9005F4888 /* Errors */,
				37D73D89224E99D400BD94F0 /* Expression */,
				377C919622457EB2005F4888 /* Parsing */,
				37D73D84224E988300BD94F0 /* NFA */,
				377C91862243EE59005F4888 /* Collections */,
			);
			path = Source;
			sourceTree = "<group>";
		};
		37D73D84224E988300BD94F0 /* NFA */ = {
			isa = PBXGroup;
			children = (
				37D73D7E224D80FA00BD94F0 /* NFA.swift */,
				37D73D85224E98BD00BD94F0 /* State.swift */,
				37D73D8A224E99EB00BD94F0 /* Symbol.swift */,
				37D73D87224E98FB00BD94F0 /* Transition.swift */,
			);
			path = NFA;
			sourceTree = "<group>";
		};
		37D73D89224E99D400BD94F0 /* Expression */ = {
			isa = PBXGroup;
			children = (
				377C918E224404CC005F4888 /* Expression.swift */,
				37D73D992257C0D600BD94F0 /* AnyCharacterExpression.swift */,
				37D73D9B2257C10900BD94F0 /* CharacterExpression.swift */,
				37D73D9D2257C15200BD94F0 /* ChoiceExpression.swift */,
				37D73D9F2257C1A000BD94F0 /* OptionalExpression.swift */,
				37D73DA12257C1C000BD94F0 /* RepeatedExpression.swift */,
				37D73DA32257C1DD00BD94F0 /* UnionExpression.swift */,
				37D73DA52257C20000BD94F0 /* ConcatenatedExpression.swift */,
			);
			path = Expression;
			sourceTree = "<group>";
		};
/* End PBXGroup section */

/* Begin PBXNativeTarget section */
		377C91772243E6EF005F4888 /* RegexTests */ = {
			isa = PBXNativeTarget;
			buildConfigurationList = 377C917F2243E6EF005F4888 /* Build configuration list for PBXNativeTarget "RegexTests" */;
			buildPhases = (
				377C91742243E6EF005F4888 /* Sources */,
				377C91752243E6EF005F4888 /* Frameworks */,
				377C91762243E6EF005F4888 /* Resources */,
			);
			buildRules = (
			);
			dependencies = (
			);
			name = RegexTests;
			productName = RegexTests;
			productReference = 377C91782243E6EF005F4888 /* RegexTests.xctest */;
			productType = "com.apple.product-type.bundle.unit-test";
		};
		37AB2C60223CF636004171E8 /* regex */ = {
			isa = PBXNativeTarget;
			buildConfigurationList = 37AB2C68223CF636004171E8 /* Build configuration list for PBXNativeTarget "regex" */;
			buildPhases = (
				37AB2C5D223CF636004171E8 /* Sources */,
				37AB2C5E223CF636004171E8 /* Frameworks */,
				37AB2C5F223CF636004171E8 /* CopyFiles */,
			);
			buildRules = (
			);
			dependencies = (
			);
			name = regex;
			productName = regex;
			productReference = 37AB2C61223CF636004171E8 /* regex */;
			productType = "com.apple.product-type.tool";
		};
/* End PBXNativeTarget section */

/* Begin PBXProject section */
		37AB2C59223CF636004171E8 /* Project object */ = {
			isa = PBXProject;
			attributes = {
				LastSwiftUpdateCheck = 1010;
				LastUpgradeCheck = 1010;
				ORGANIZATIONNAME = "Dan Lindholm";
				TargetAttributes = {
					377C91772243E6EF005F4888 = {
						CreatedOnToolsVersion = 10.1;
						LastSwiftMigration = 1020;
					};
					37AB2C60223CF636004171E8 = {
						CreatedOnToolsVersion = 10.1;
						LastSwiftMigration = 1020;
					};
				};
			};
			buildConfigurationList = 37AB2C5C223CF636004171E8 /* Build configuration list for PBXProject "Regex" */;
			compatibilityVersion = "Xcode 9.3";
			developmentRegion = en;
			hasScannedForEncodings = 0;
			knownRegions = (
				en,
				Base,
			);
			mainGroup = 37AB2C58223CF636004171E8;
			productRefGroup = 37AB2C62223CF636004171E8 /* Products */;
			projectDirPath = "";
			projectRoot = "";
			targets = (
				37AB2C60223CF636004171E8 /* regex */,
				377C91772243E6EF005F4888 /* RegexTests */,
			);
		};
/* End PBXProject section */

/* Begin PBXResourcesBuildPhase section */
		377C91762243E6EF005F4888 /* Resources */ = {
			isa = PBXResourcesBuildPhase;
			buildActionMask = 2147483647;
			files = (
			);
			runOnlyForDeploymentPostprocessing = 0;
		};
/* End PBXResourcesBuildPhase section */

/* Begin PBXSourcesBuildPhase section */
		377C91742243E6EF005F4888 /* Sources */ = {
			isa = PBXSourcesBuildPhase;
			buildActionMask = 2147483647;
			files = (
				37D73DA72257C28F00BD94F0 /* AnyCharacterExpression.swift in Sources */,
				37D73DA82257C28F00BD94F0 /* CharacterExpression.swift in Sources */,
				37D73DA92257C28F00BD94F0 /* ChoiceExpression.swift in Sources */,
				37D73DAA2257C28F00BD94F0 /* OptionalExpression.swift in Sources */,
				37D73DAB2257C28F00BD94F0 /* RepeatedExpression.swift in Sources */,
				37D73DAC2257C28F00BD94F0 /* UnionExpression.swift in Sources */,
				37D73DAD2257C28F00BD94F0 /* ConcatenatedExpression.swift in Sources */,
				37D73D982257B86600BD94F0 /* Provider.swift in Sources */,
				37D73D9422575EFB00BD94F0 /* UnsafeArray.swift in Sources */,
				37D73D9522575EFB00BD94F0 /* Queue.swift in Sources */,
				37D73D8C224E9B7B00BD94F0 /* Expression.swift in Sources */,
				37D73D8D224E9B7B00BD94F0 /* Symbol.swift in Sources */,
				37D73D8E224E9B7B00BD94F0 /* State.swift in Sources */,
				37D73D8F224E9B7B00BD94F0 /* Transition.swift in Sources */,
				37D73D82224E391F00BD94F0 /* NFA.swift in Sources */,
				37D73D81224E38ED00BD94F0 /* NFATests.swift in Sources */,
				377C919C224580A6005F4888 /* ParsingError.swift in Sources */,
				377C919D224580A6005F4888 /* ParserContext.swift in Sources */,
				377C919322455968005F4888 /* Parser.swift in Sources */,
				37D73DAF2257D2A100BD94F0 /* QueueTests.swift in Sources */,
				377C919522455C5F005F4888 /* ParserTests.swift in Sources */,
				377C918D2243FF4E005F4888 /* Stack.swift in Sources */,
				377C918A2243FEA1005F4888 /* StackTests.swift in Sources */,
				377C917B2243E6EF005F4888 /* RegexTests.swift in Sources */,
			);
			runOnlyForDeploymentPostprocessing = 0;
		};
		37AB2C5D223CF636004171E8 /* Sources */ = {
			isa = PBXSourcesBuildPhase;
			buildActionMask = 2147483647;
			files = (
				37D73DA62257C20000BD94F0 /* ConcatenatedExpression.swift in Sources */,
				37D73D9A2257C0D600BD94F0 /* AnyCharacterExpression.swift in Sources */,
				37D73D88224E98FB00BD94F0 /* Transition.swift in Sources */,
				37D73D8B224E99EB00BD94F0 /* Symbol.swift in Sources */,
				37D73D7F224D80FA00BD94F0 /* NFA.swift in Sources */,
				377C919122445C3F005F4888 /* Parser.swift in Sources */,
				377C919A22457FA1005F4888 /* ParsingError.swift in Sources */,
				377C919822457F09005F4888 /* ParserContext.swift in Sources */,
				37D73DA22257C1C000BD94F0 /* RepeatedExpression.swift in Sources */,
				37D73D912250474800BD94F0 /* UnsafeArray.swift in Sources */,
				37D73D9322575CA700BD94F0 /* Queue.swift in Sources */,
				377C91852243EE53005F4888 /* Stack.swift in Sources */,
				37D73D972257B3D800BD94F0 /* Provider.swift in Sources */,
				37AB2C65223CF636004171E8 /* main.swift in Sources */,
				37D73D9E2257C15200BD94F0 /* ChoiceExpression.swift in Sources */,
				377C918F224404CC005F4888 /* Expression.swift in Sources */,
				37D73DA42257C1DD00BD94F0 /* UnionExpression.swift in Sources */,
				37D73D86224E98BD00BD94F0 /* State.swift in Sources */,
				37D73DA02257C1A000BD94F0 /* OptionalExpression.swift in Sources */,
				37D73D9C2257C10900BD94F0 /* CharacterExpression.swift in Sources */,
			);
			runOnlyForDeploymentPostprocessing = 0;
		};
/* End PBXSourcesBuildPhase section */

/* Begin XCBuildConfiguration section */
		377C917D2243E6EF005F4888 /* Debug */ = {
			isa = XCBuildConfiguration;
			buildSettings = {
				CODE_SIGN_STYLE = Automatic;
				COMBINE_HIDPI_IMAGES = YES;
				INFOPLIST_FILE = Tests/Info.plist;
				LD_RUNPATH_SEARCH_PATHS = (
					"$(inherited)",
					"@executable_path/../Frameworks",
					"@loader_path/../Frameworks",
				);
				PRODUCT_BUNDLE_IDENTIFIER = com.xoudini.RegexTests;
				PRODUCT_NAME = "$(TARGET_NAME)";
				SWIFT_VERSION = 5.0;
			};
			name = Debug;
		};
		377C917E2243E6EF005F4888 /* Release */ = {
			isa = XCBuildConfiguration;
			buildSettings = {
				CODE_SIGN_STYLE = Automatic;
				COMBINE_HIDPI_IMAGES = YES;
				INFOPLIST_FILE = Tests/Info.plist;
				LD_RUNPATH_SEARCH_PATHS = (
					"$(inherited)",
					"@executable_path/../Frameworks",
					"@loader_path/../Frameworks",
				);
				PRODUCT_BUNDLE_IDENTIFIER = com.xoudini.RegexTests;
				PRODUCT_NAME = "$(TARGET_NAME)";
				SWIFT_VERSION = 5.0;
			};
			name = Release;
		};
		37AB2C66223CF636004171E8 /* Debug */ = {
			isa = XCBuildConfiguration;
			buildSettings = {
				ALWAYS_SEARCH_USER_PATHS = NO;
				CLANG_ANALYZER_NONNULL = YES;
				CLANG_ANALYZER_NUMBER_OBJECT_CONVERSION = YES_AGGRESSIVE;
				CLANG_CXX_LANGUAGE_STANDARD = "gnu++14";
				CLANG_CXX_LIBRARY = "libc++";
				CLANG_ENABLE_MODULES = YES;
				CLANG_ENABLE_OBJC_ARC = YES;
				CLANG_ENABLE_OBJC_WEAK = YES;
				CLANG_WARN_BLOCK_CAPTURE_AUTORELEASING = YES;
				CLANG_WARN_BOOL_CONVERSION = YES;
				CLANG_WARN_COMMA = YES;
				CLANG_WARN_CONSTANT_CONVERSION = YES;
				CLANG_WARN_DEPRECATED_OBJC_IMPLEMENTATIONS = YES;
				CLANG_WARN_DIRECT_OBJC_ISA_USAGE = YES_ERROR;
				CLANG_WARN_DOCUMENTATION_COMMENTS = YES;
				CLANG_WARN_EMPTY_BODY = YES;
				CLANG_WARN_ENUM_CONVERSION = YES;
				CLANG_WARN_INFINITE_RECURSION = YES;
				CLANG_WARN_INT_CONVERSION = YES;
				CLANG_WARN_NON_LITERAL_NULL_CONVERSION = YES;
				CLANG_WARN_OBJC_IMPLICIT_RETAIN_SELF = YES;
				CLANG_WARN_OBJC_LITERAL_CONVERSION = YES;
				CLANG_WARN_OBJC_ROOT_CLASS = YES_ERROR;
				CLANG_WARN_RANGE_LOOP_ANALYSIS = YES;
				CLANG_WARN_STRICT_PROTOTYPES = YES;
				CLANG_WARN_SUSPICIOUS_MOVE = YES;
				CLANG_WARN_UNGUARDED_AVAILABILITY = YES_AGGRESSIVE;
				CLANG_WARN_UNREACHABLE_CODE = YES;
				CLANG_WARN__DUPLICATE_METHOD_MATCH = YES;
				CODE_SIGN_IDENTITY = "-";
				COPY_PHASE_STRIP = NO;
				DEBUG_INFORMATION_FORMAT = dwarf;
				ENABLE_STRICT_OBJC_MSGSEND = YES;
				ENABLE_TESTABILITY = YES;
				GCC_C_LANGUAGE_STANDARD = gnu11;
				GCC_DYNAMIC_NO_PIC = NO;
				GCC_NO_COMMON_BLOCKS = YES;
				GCC_OPTIMIZATION_LEVEL = 0;
				GCC_PREPROCESSOR_DEFINITIONS = (
					"DEBUG=1",
					"$(inherited)",
				);
				GCC_WARN_64_TO_32_BIT_CONVERSION = YES;
				GCC_WARN_ABOUT_RETURN_TYPE = YES_ERROR;
				GCC_WARN_UNDECLARED_SELECTOR = YES;
				GCC_WARN_UNINITIALIZED_AUTOS = YES_AGGRESSIVE;
				GCC_WARN_UNUSED_FUNCTION = YES;
				GCC_WARN_UNUSED_VARIABLE = YES;
				MACOSX_DEPLOYMENT_TARGET = 10.14;
				MTL_ENABLE_DEBUG_INFO = INCLUDE_SOURCE;
				MTL_FAST_MATH = YES;
				ONLY_ACTIVE_ARCH = YES;
				SDKROOT = macosx;
				SWIFT_ACTIVE_COMPILATION_CONDITIONS = DEBUG;
				SWIFT_OPTIMIZATION_LEVEL = "-Onone";
			};
			name = Debug;
		};
		37AB2C67223CF636004171E8 /* Release */ = {
			isa = XCBuildConfiguration;
			buildSettings = {
				ALWAYS_SEARCH_USER_PATHS = NO;
				CLANG_ANALYZER_NONNULL = YES;
				CLANG_ANALYZER_NUMBER_OBJECT_CONVERSION = YES_AGGRESSIVE;
				CLANG_CXX_LANGUAGE_STANDARD = "gnu++14";
				CLANG_CXX_LIBRARY = "libc++";
				CLANG_ENABLE_MODULES = YES;
				CLANG_ENABLE_OBJC_ARC = YES;
				CLANG_ENABLE_OBJC_WEAK = YES;
				CLANG_WARN_BLOCK_CAPTURE_AUTORELEASING = YES;
				CLANG_WARN_BOOL_CONVERSION = YES;
				CLANG_WARN_COMMA = YES;
				CLANG_WARN_CONSTANT_CONVERSION = YES;
				CLANG_WARN_DEPRECATED_OBJC_IMPLEMENTATIONS = YES;
				CLANG_WARN_DIRECT_OBJC_ISA_USAGE = YES_ERROR;
				CLANG_WARN_DOCUMENTATION_COMMENTS = YES;
				CLANG_WARN_EMPTY_BODY = YES;
				CLANG_WARN_ENUM_CONVERSION = YES;
				CLANG_WARN_INFINITE_RECURSION = YES;
				CLANG_WARN_INT_CONVERSION = YES;
				CLANG_WARN_NON_LITERAL_NULL_CONVERSION = YES;
				CLANG_WARN_OBJC_IMPLICIT_RETAIN_SELF = YES;
				CLANG_WARN_OBJC_LITERAL_CONVERSION = YES;
				CLANG_WARN_OBJC_ROOT_CLASS = YES_ERROR;
				CLANG_WARN_RANGE_LOOP_ANALYSIS = YES;
				CLANG_WARN_STRICT_PROTOTYPES = YES;
				CLANG_WARN_SUSPICIOUS_MOVE = YES;
				CLANG_WARN_UNGUARDED_AVAILABILITY = YES_AGGRESSIVE;
				CLANG_WARN_UNREACHABLE_CODE = YES;
				CLANG_WARN__DUPLICATE_METHOD_MATCH = YES;
				CODE_SIGN_IDENTITY = "-";
				COPY_PHASE_STRIP = NO;
				DEBUG_INFORMATION_FORMAT = "dwarf-with-dsym";
				ENABLE_NS_ASSERTIONS = NO;
				ENABLE_STRICT_OBJC_MSGSEND = YES;
				GCC_C_LANGUAGE_STANDARD = gnu11;
				GCC_NO_COMMON_BLOCKS = YES;
				GCC_WARN_64_TO_32_BIT_CONVERSION = YES;
				GCC_WARN_ABOUT_RETURN_TYPE = YES_ERROR;
				GCC_WARN_UNDECLARED_SELECTOR = YES;
				GCC_WARN_UNINITIALIZED_AUTOS = YES_AGGRESSIVE;
				GCC_WARN_UNUSED_FUNCTION = YES;
				GCC_WARN_UNUSED_VARIABLE = YES;
				MACOSX_DEPLOYMENT_TARGET = 10.14;
				MTL_ENABLE_DEBUG_INFO = NO;
				MTL_FAST_MATH = YES;
				SDKROOT = macosx;
				SWIFT_COMPILATION_MODE = wholemodule;
				SWIFT_OPTIMIZATION_LEVEL = "-O";
			};
			name = Release;
		};
		37AB2C69223CF636004171E8 /* Debug */ = {
			isa = XCBuildConfiguration;
			buildSettings = {
				CODE_SIGN_STYLE = Automatic;
				PRODUCT_NAME = "$(TARGET_NAME)";
				SWIFT_VERSION = 5.0;
			};
			name = Debug;
		};
		37AB2C6A223CF636004171E8 /* Release */ = {
			isa = XCBuildConfiguration;
			buildSettings = {
				CODE_SIGN_STYLE = Automatic;
				PRODUCT_NAME = "$(TARGET_NAME)";
				SWIFT_VERSION = 5.0;
			};
			name = Release;
		};
/* End XCBuildConfiguration section */

/* Begin XCConfigurationList section */
		377C917F2243E6EF005F4888 /* Build configuration list for PBXNativeTarget "RegexTests" */ = {
			isa = XCConfigurationList;
			buildConfigurations = (
				377C917D2243E6EF005F4888 /* Debug */,
				377C917E2243E6EF005F4888 /* Release */,
			);
			defaultConfigurationIsVisible = 0;
			defaultConfigurationName = Release;
		};
		37AB2C5C223CF636004171E8 /* Build configuration list for PBXProject "Regex" */ = {
			isa = XCConfigurationList;
			buildConfigurations = (
				37AB2C66223CF636004171E8 /* Debug */,
				37AB2C67223CF636004171E8 /* Release */,
			);
			defaultConfigurationIsVisible = 0;
			defaultConfigurationName = Release;
		};
		37AB2C68223CF636004171E8 /* Build configuration list for PBXNativeTarget "regex" */ = {
			isa = XCConfigurationList;
			buildConfigurations = (
				37AB2C69223CF636004171E8 /* Debug */,
				37AB2C6A223CF636004171E8 /* Release */,
			);
			defaultConfigurationIsVisible = 0;
			defaultConfigurationName = Release;
		};
/* End XCConfigurationList section */
	};
	rootObject = 37AB2C59223CF636004171E8 /* Project object */;
}
